
Microsoft Visual Studio Solution File, Format Version 12.00
# Visual Studio Version 17
VisualStudioVersion = 17.5.001.0
MinimumVisualStudioVersion = 10.0.40219.1
Project("{9A19103F-16F7-4668-BE54-9A1E7A4F7556}") = "FunniShop", "FunniShop.csproj", "{B28A31FA-F0C9-4DA5-A31B-ABC0A7A43B7C}"
EndProject
Global
	GlobalSection(SolutionConfigurationPlatforms) = preSolution
		Debug|Any CPU = Debug|Any CPU
		Release|Any CPU = Release|Any CPU
	EndGlobalSection
	GlobalSection(ProjectConfigurationPlatforms) = postSolution
		{B28A31FA-F0C9-4DA5-A31B-ABC0A7A43B7C}.Debug|Any CPU.ActiveCfg = Debug|Any CPU
		{B28A31FA-F0C9-4DA5-A31B-ABC0A7A43B7C}.Debug|Any CPU.Build.0 = Debug|Any CPU
		{B28A31FA-F0C9-4DA5-A31B-ABC0A7A43B7C}.Release|Any CPU.ActiveCfg = Release|Any CPU
		{B28A31FA-F0C9-4DA5-A31B-ABC0A7A43B7C}.Release|Any CPU.Build.0 = Release|Any CPU
	EndGlobalSection
	GlobalSection(SolutionProperties) = preSolution
		HideSolutionNode = FALSE
	EndGlobalSection
	GlobalSection(ExtensibilityGlobals) = postSolution
		SolutionGuid = {6A828D52-DB95-4DE5-8639-C462E0C086EE}
	EndGlobalSection
EndGlobal
